<Solution>
  <Folder Name="/src/">
    <Project Path="src/RoslynKit/RoslynKit.csproj" />
  </Folder>
  <Folder Name="/tests/">
    <Project Path="tests/RoslynKit.Tests/RoslynKit.Tests.csproj" />
    <Project Path="tests/RoslynKit.WorkspaceGraphDump/RoslynKit.WorkspaceGraphDump.csproj" />
  </Folder>
</Solution>
